Microsoft Visual Studio Solution File, Format Version 12.00
# Visual Studio 2012
Project("{FAE04EC0-301F-11D3-BF4B-00C04F79EFBC}") = "FPSPROJECT", "FPSPROJECT.csproj", "{B2726D6A-CFF4-4A61-97CC-3648CC5E17AE}"
EndProject
Global
	GlobalSection(SolutionConfigurationPlatforms) = preSolution
	Debug|Any CPU = Debug|Any CPU
	ExportDebug|Any CPU = ExportDebug|Any CPU
	ExportRelease|Any CPU = ExportRelease|Any CPU
	EndGlobalSection
	GlobalSection(ProjectConfigurationPlatforms) = postSolution
		{B2726D6A-CFF4-4A61-97CC-3648CC5E17AE}.Debug|Any CPU.ActiveCfg = Debug|Any CPU
		{B2726D6A-CFF4-4A61-97CC-3648CC5E17AE}.Debug|Any CPU.Build.0 = Debug|Any CPU
		{B2726D6A-CFF4-4A61-97CC-3648CC5E17AE}.ExportDebug|Any CPU.ActiveCfg = ExportDebug|Any CPU
		{B2726D6A-CFF4-4A61-97CC-3648CC5E17AE}.ExportDebug|Any CPU.Build.0 = ExportDebug|Any CPU
		{B2726D6A-CFF4-4A61-97CC-3648CC5E17AE}.ExportRelease|Any CPU.ActiveCfg = ExportRelease|Any CPU
		{B2726D6A-CFF4-4A61-97CC-3648CC5E17AE}.ExportRelease|Any CPU.Build.0 = ExportRelease|Any CPU
	EndGlobalSection
EndGlobal
